
Microsoft Visual Studio Solution File, Format Version 11.00
# Visual Studio 2010
Project("{FAE04EC0-301F-11D3-BF4B-00C04F79EFBC}") = "Suftnet.Cos.DataAccess", "Suftnet.Cos.DataAccess.csproj", "{3CBB4B7A-71EA-4ECC-840F-2F1D3DF79190}"
EndProject
Global
	GlobalSection(TeamFoundationVersionControl) = preSolution
		SccNumberOfProjects = 2
		SccEnterpriseProvider = {4CA58AB2-18FA-4F8D-95D4-32DDF27D184C}
		SccTeamFoundationServer = http://user1-tosh:8080/tfs/suftnet
		SccProjectUniqueName0 = Suftnet.Hotel\\Suftnet.Payroll.csproj
		SccProjectName0 = Suftnet.Hotel
		SccAuxPath0 = http://user1-tosh:8080/tfs/suftnet
		SccLocalPath0 = Suftnet.Hotel
		SccProvider0 = {4CA58AB2-18FA-4F8D-95D4-32DDF27D184C}
		SccProjectUniqueName1 = Suftnet.Hotel.DataAccess\\Suftnet.Hotel.DataAccess.csproj
		SccProjectName1 = Suftnet.Hotel.DataAccess
		SccAuxPath1 = http://user1-tosh:8080/tfs/suftnet
		SccLocalPath1 = Suftnet.Hotel.DataAccess
		SccProvider1 = {4CA58AB2-18FA-4F8D-95D4-32DDF27D184C}
	EndGlobalSection
	GlobalSection(SolutionConfigurationPlatforms) = preSolution
		Debug|Any CPU = Debug|Any CPU
		Release|Any CPU = Release|Any CPU
	EndGlobalSection
	GlobalSection(ProjectConfigurationPlatforms) = postSolution
		{3CBB4B7A-71EA-4ECC-840F-2F1D3DF79190}.Debug|Any CPU.ActiveCfg = Debug|Any CPU
		{3CBB4B7A-71EA-4ECC-840F-2F1D3DF79190}.Debug|Any CPU.Build.0 = Debug|Any CPU
		{3CBB4B7A-71EA-4ECC-840F-2F1D3DF79190}.Release|Any CPU.ActiveCfg = Release|Any CPU
		{3CBB4B7A-71EA-4ECC-840F-2F1D3DF79190}.Release|Any CPU.Build.0 = Release|Any CPU
	EndGlobalSection
	GlobalSection(SolutionProperties) = preSolution
		HideSolutionNode = FALSE
	EndGlobalSection
EndGlobal
